
Microsoft Visual Studio Solution File, Format Version 12.00
# Visual Studio 15
VisualStudioVersion = 15.0.28307.168
MinimumVisualStudioVersion = 10.0.40219.1
Project("{FAE04EC0-301F-11D3-BF4B-00C04F79EFBC}") = "TestIntegrationGitTrello", "TestIntegrationGitTrello\TestIntegrationGitTrello.csproj", "{AEF55F73-0A5D-4753-A65C-7C0ABFB03C74}"
EndProject
Global
	GlobalSection(SolutionConfigurationPlatforms) = preSolution
		Debug|Any CPU = Debug|Any CPU
		Release|Any CPU = Release|Any CPU
	EndGlobalSection
	GlobalSection(ProjectConfigurationPlatforms) = postSolution
		{AEF55F73-0A5D-4753-A65C-7C0ABFB03C74}.Debug|Any CPU.ActiveCfg = Debug|Any CPU
		{AEF55F73-0A5D-4753-A65C-7C0ABFB03C74}.Debug|Any CPU.Build.0 = Debug|Any CPU
		{AEF55F73-0A5D-4753-A65C-7C0ABFB03C74}.Release|Any CPU.ActiveCfg = Release|Any CPU
		{AEF55F73-0A5D-4753-A65C-7C0ABFB03C74}.Release|Any CPU.Build.0 = Release|Any CPU
	EndGlobalSection
	GlobalSection(SolutionProperties) = preSolution
		HideSolutionNode = FALSE
	EndGlobalSection
	GlobalSection(ExtensibilityGlobals) = postSolution
		SolutionGuid = {DDBCDBC1-4578-4A7F-9104-3B9C2CCE705A}
	EndGlobalSection
EndGlobal
